Microsoft Visual Studio Solution File, Format Version 12.00
# Visual Studio Version 17
VisualStudioVersion = 17.5.2.0
MinimumVisualStudioVersion = 10.0.40219.1
Project("{2150E333-8FDC-42A3-9474-1A3956D46DE8}") = "MVCRandomAnswerGenerator", "MVCRandomAnswerGenerator", "{491DEAB9-FCFD-EAB6-9C98-4E87ADCAE8DC}"
EndProject
Project("{FAE04EC0-301F-11D3-BF4B-00C04F79EFBC}") = "MVCRandomAnswerGenerator", "MVCRandomAnswerGenerator\MVCRandomAnswerGenerator\MVCRandomAnswerGenerator.csproj", "{7CDA8782-726A-8EAE-4A90-48632A04057D}"
EndProject
Global
	GlobalSection(SolutionConfigurationPlatforms) = preSolution
		Debug|Any CPU = Debug|Any CPU
		Release|Any CPU = Release|Any CPU
	EndGlobalSection
	GlobalSection(ProjectConfigurationPlatforms) = postSolution
		{7CDA8782-726A-8EAE-4A90-48632A04057D}.Debug|Any CPU.ActiveCfg = Debug|Any CPU
		{7CDA8782-726A-8EAE-4A90-48632A04057D}.Debug|Any CPU.Build.0 = Debug|Any CPU
		{7CDA8782-726A-8EAE-4A90-48632A04057D}.Release|Any CPU.ActiveCfg = Release|Any CPU
		{7CDA8782-726A-8EAE-4A90-48632A04057D}.Release|Any CPU.Build.0 = Release|Any CPU
	EndGlobalSection
	GlobalSection(SolutionProperties) = preSolution
		HideSolutionNode = FALSE
	EndGlobalSection
	GlobalSection(NestedProjects) = preSolution
		{7CDA8782-726A-8EAE-4A90-48632A04057D} = {491DEAB9-FCFD-EAB6-9C98-4E87ADCAE8DC}
	EndGlobalSection
	GlobalSection(ExtensibilityGlobals) = postSolution
		SolutionGuid = {904232ED-D54B-4077-9E6C-189EAB56D489}
	EndGlobalSection
EndGlobal
